
Microsoft Visual Studio Solution File, Format Version 12.00
Project("{FAE04EC0-301F-11D3-BF4B-00C04F79EFBC}") = "BarlogM-Andern", "BarlogM-Andern.csproj", "{CEA6C87F-8C65-4C41-9F19-F94605B2248A}"
EndProject
Global
	GlobalSection(SolutionConfigurationPlatforms) = preSolution
		Debug|Any CPU = Debug|Any CPU
		Release|Any CPU = Release|Any CPU
	EndGlobalSection
	GlobalSection(ProjectConfigurationPlatforms) = postSolution
		{CEA6C87F-8C65-4C41-9F19-F94605B2248A}.Debug|Any CPU.ActiveCfg = Debug|Any CPU
		{CEA6C87F-8C65-4C41-9F19-F94605B2248A}.Debug|Any CPU.Build.0 = Debug|Any CPU
		{CEA6C87F-8C65-4C41-9F19-F94605B2248A}.Release|Any CPU.ActiveCfg = Release|Any CPU
		{CEA6C87F-8C65-4C41-9F19-F94605B2248A}.Release|Any CPU.Build.0 = Release|Any CPU
	EndGlobalSection
EndGlobal
